
Microsoft Visual Studio Solution File, Format Version 12.00
# Visual Studio Version 17
VisualStudioVersion = 17.3.32929.385
MinimumVisualStudioVersion = 10.0.40219.1
Project("{FAE04EC0-301F-11D3-BF4B-00C04F79EFBC}") = "DatabaseOpgaven", "DatabaseOpgaven\DatabaseOpgaven.csproj", "{19A7AE65-1261-4815-83D5-50C8E9DAC8CD}"
EndProject
Global
	GlobalSection(SolutionConfigurationPlatforms) = preSolution
		Debug|Any CPU = Debug|Any CPU
		Release|Any CPU = Release|Any CPU
	EndGlobalSection
	GlobalSection(ProjectConfigurationPlatforms) = postSolution
		{19A7AE65-1261-4815-83D5-50C8E9DAC8CD}.Debug|Any CPU.ActiveCfg = Debug|Any CPU
		{19A7AE65-1261-4815-83D5-50C8E9DAC8CD}.Debug|Any CPU.Build.0 = Debug|Any CPU
		{19A7AE65-1261-4815-83D5-50C8E9DAC8CD}.Release|Any CPU.ActiveCfg = Release|Any CPU
		{19A7AE65-1261-4815-83D5-50C8E9DAC8CD}.Release|Any CPU.Build.0 = Release|Any CPU
	EndGlobalSection
	GlobalSection(SolutionProperties) = preSolution
		HideSolutionNode = FALSE
	EndGlobalSection
	GlobalSection(ExtensibilityGlobals) = postSolution
		SolutionGuid = {DD290D2C-AEEF-4EDE-8F75-D4168582B1DC}
	EndGlobalSection
EndGlobal
